
Microsoft Visual Studio Solution File, Format Version 12.00
# Visual Studio Version 16
VisualStudioVersion = 16.0.30011.22
MinimumVisualStudioVersion = 10.0.40219.1
Project("{FAE04EC0-301F-11D3-BF4B-00C04F79EFBC}") = "Lab-Multiparadigma", "Prueba\Lab-Multiparadigma.csproj", "{D2401BBD-FEAE-4CEF-BEBA-5E59954F42CD}"
EndProject
Global
	GlobalSection(SolutionConfigurationPlatforms) = preSolution
		Debug|Any CPU = Debug|Any CPU
		Release|Any CPU = Release|Any CPU
	EndGlobalSection
	GlobalSection(ProjectConfigurationPlatforms) = postSolution
		{D2401BBD-FEAE-4CEF-BEBA-5E59954F42CD}.Debug|Any CPU.ActiveCfg = Debug|Any CPU
		{D2401BBD-FEAE-4CEF-BEBA-5E59954F42CD}.Debug|Any CPU.Build.0 = Debug|Any CPU
		{D2401BBD-FEAE-4CEF-BEBA-5E59954F42CD}.Release|Any CPU.ActiveCfg = Release|Any CPU
		{D2401BBD-FEAE-4CEF-BEBA-5E59954F42CD}.Release|Any CPU.Build.0 = Release|Any CPU
	EndGlobalSection
	GlobalSection(SolutionProperties) = preSolution
		HideSolutionNode = FALSE
	EndGlobalSection
	GlobalSection(ExtensibilityGlobals) = postSolution
		SolutionGuid = {55F4AC9C-473A-47A4-9620-1B187A79D8F8}
	EndGlobalSection
EndGlobal
